
Microsoft Visual Studio Solution File, Format Version 12.00
# Visual Studio Version 17
VisualStudioVersion = 17.11.35303.130
MinimumVisualStudioVersion = 10.0.40219.1
Project("{FAE04EC0-301F-11D3-BF4B-00C04F79EFBC}") = "ISSS", "ISSS.csproj", "{F94AE9B8-FAAF-4EE2-974D-7473BCFE6634}"
EndProject
Global
	GlobalSection(SolutionConfigurationPlatforms) = preSolution
		Debug|Any CPU = Debug|Any CPU
		Release|Any CPU = Release|Any CPU
	EndGlobalSection
	GlobalSection(ProjectConfigurationPlatforms) = postSolution
		{F94AE9B8-FAAF-4EE2-974D-7473BCFE6634}.Debug|Any CPU.ActiveCfg = Debug|Any CPU
		{F94AE9B8-FAAF-4EE2-974D-7473BCFE6634}.Debug|Any CPU.Build.0 = Debug|Any CPU
		{F94AE9B8-FAAF-4EE2-974D-7473BCFE6634}.Release|Any CPU.ActiveCfg = Release|Any CPU
		{F94AE9B8-FAAF-4EE2-974D-7473BCFE6634}.Release|Any CPU.Build.0 = Release|Any CPU
	EndGlobalSection
	GlobalSection(SolutionProperties) = preSolution
		HideSolutionNode = FALSE
	EndGlobalSection
	GlobalSection(ExtensibilityGlobals) = postSolution
		SolutionGuid = {CC4B86F7-D623-4944-8CB1-CDCF97271359}
	EndGlobalSection
EndGlobal
